
Microsoft Visual Studio Solution File, Format Version 12.00
# Visual Studio 14
VisualStudioVersion = 14.0.22823.1
MinimumVisualStudioVersion = 10.0.40219.1
Project("{FAE04EC0-301F-11D3-BF4B-00C04F79EFBC}") = "Lantmäteriet.kartor.Viewer", "Lantmäteriet.kartor\Lantmäteriet.kartor.Viewer.csproj", "{6B691A0F-ABE7-48E0-B502-1A5B509CE10A}"
EndProject
Project("{FAE04EC0-301F-11D3-BF4B-00C04F79EFBC}") = "Lantmäteriet.kartor.downloader", "Lantmäteriet.kartor.downloader\Lantmäteriet.kartor.downloader.csproj", "{D7A0A06C-E43A-4EF8-8EDA-374AE472E743}"
EndProject
Project("{FAE04EC0-301F-11D3-BF4B-00C04F79EFBC}") = "Lantmäteriet.kartor.downloader.test", "Lantmäteriet.kartor.downloader.test\Lantmäteriet.kartor.downloader.test.csproj", "{6220C576-F6F3-4C2D-9882-6D6EE2C3C1FC}"
EndProject
Global
	GlobalSection(SolutionConfigurationPlatforms) = preSolution
		Debug|Any CPU = Debug|Any CPU
		Release|Any CPU = Release|Any CPU
	EndGlobalSection
	GlobalSection(ProjectConfigurationPlatforms) = postSolution
		{6B691A0F-ABE7-48E0-B502-1A5B509CE10A}.Debug|Any CPU.ActiveCfg = Debug|Any CPU
		{6B691A0F-ABE7-48E0-B502-1A5B509CE10A}.Debug|Any CPU.Build.0 = Debug|Any CPU
		{6B691A0F-ABE7-48E0-B502-1A5B509CE10A}.Release|Any CPU.ActiveCfg = Release|Any CPU
		{6B691A0F-ABE7-48E0-B502-1A5B509CE10A}.Release|Any CPU.Build.0 = Release|Any CPU
		{D7A0A06C-E43A-4EF8-8EDA-374AE472E743}.Debug|Any CPU.ActiveCfg = Debug|Any CPU
		{D7A0A06C-E43A-4EF8-8EDA-374AE472E743}.Debug|Any CPU.Build.0 = Debug|Any CPU
		{D7A0A06C-E43A-4EF8-8EDA-374AE472E743}.Release|Any CPU.ActiveCfg = Release|Any CPU
		{D7A0A06C-E43A-4EF8-8EDA-374AE472E743}.Release|Any CPU.Build.0 = Release|Any CPU
		{6220C576-F6F3-4C2D-9882-6D6EE2C3C1FC}.Debug|Any CPU.ActiveCfg = Debug|Any CPU
		{6220C576-F6F3-4C2D-9882-6D6EE2C3C1FC}.Debug|Any CPU.Build.0 = Debug|Any CPU
		{6220C576-F6F3-4C2D-9882-6D6EE2C3C1FC}.Release|Any CPU.ActiveCfg = Release|Any CPU
		{6220C576-F6F3-4C2D-9882-6D6EE2C3C1FC}.Release|Any CPU.Build.0 = Release|Any CPU
	EndGlobalSection
	GlobalSection(SolutionProperties) = preSolution
		HideSolutionNode = FALSE
	EndGlobalSection
EndGlobal
